{
  "version": 4,
  "terraform_version": "1.14.6",
  "serial": 9,
  "lineage": "bbcd3c6a-c273-ef0b-1ff0-14218c5339b0",
  "outputs": {
    "archivo": {
      "value": "Este es el archivo #1",
      "type": "string"
    },
    "archivo-dos": {
      "value": "Este es el archivo #2",
      "type": "string"
    }
  },
  "resources": [
    {
      "module": "module.file-module",
      "mode": "managed",
      "type": "local_file",
      "name": "module-demo",
      "provider": "provider[\"registry.terraform.io/hashicorp/local\"]",
      "instances": [
        {
          "schema_version": 0,
          "attributes": {
            "content": "Este es el archivo #1",
            "content_base64": null,
            "content_base64sha256": "Ho0kW1rsK6My6TzUyzceKL13qnHOCHhRk9Rs1PSkAo8=",
            "content_base64sha512": "BE4zjKw1wQ/CTe7K2MZcAU/sIDqqGVQ1nij/EXUp8t0GCYf8dqda+R9B+bCY/eYGt8fidyAVQBTUwnGfjFdWVw==",
            "content_md5": "c5da0c365abc376141b7c42861c3aaee",
            "content_sha1": "e1f56ed7f5d026b650a94a15318a4f8ad06fcf55",
            "content_sha256": "1e8d245b5aec2ba332e93cd4cb371e28bd77aa71ce08785193d46cd4f4a4028f",
            "content_sha512": "044e338cac35c10fc24deecad8c65c014fec203aaa1954359e28ff117529f2dd060987fc76a75af91f41f9b098fde606b7c7e27720154014d4c2719f8c575657",
            "directory_permission": "0777",
            "file_permission": "0400",
            "filename": "test.txt",
            "id": "e1f56ed7f5d026b650a94a15318a4f8ad06fcf55",
            "sensitive_content": null,
            "source": null
          },
          "sensitive_attributes": [
            [
              {
                "type": "get_attr",
                "value": "sensitive_content"
              }
            ]
          ],
          "identity_schema_version": 0
        }
      ]
    },
    {
      "module": "module.file-module-dos",
      "mode": "managed",
      "type": "local_file",
      "name": "module-demo",
      "provider": "provider[\"registry.terraform.io/hashicorp/local\"]",
      "instances": [
        {
          "schema_version": 0,
          "attributes": {
            "content": "Este es el archivo #2",
            "content_base64": null,
            "content_base64sha256": "SG2jEyytGpXLox09q5zFj7uDiDr+7WM86y/xdQqmmBs=",
            "content_base64sha512": "7SzBkMQ5B9SuB1aqfl5Fbhb+IJk4qgPtrvEA6KW3vb9K9HoR9+Hl43KTMm3hSW9IYcMG0efGeCm2hZCgvYVfUg==",
            "content_md5": "ebf3d9344ac426d436326b951e21d63f",
            "content_sha1": "ea37db5f29f9cd81cb2df2a016ed220d50afc539",
            "content_sha256": "486da3132cad1a95cba31d3dab9cc58fbb83883afeed633ceb2ff1750aa6981b",
            "content_sha512": "ed2cc190c43907d4ae0756aa7e5e456e16fe209938aa03edaef100e8a5b7bdbf4af47a11f7e1e5e37293326de1496f4861c306d1e7c67829b68590a0bd855f52",
            "directory_permission": "0777",
            "file_permission": "0600",
            "filename": "dos.txt",
            "id": "ea37db5f29f9cd81cb2df2a016ed220d50afc539",
            "sensitive_content": null,
            "source": null
          },
          "sensitive_attributes": [
            [
              {
                "type": "get_attr",
                "value": "sensitive_content"
              }
            ]
          ],
          "identity_schema_version": 0
        }
      ]
    }
  ],
  "check_results": null
}
