{
  "version": 4,
  "terraform_version": "1.14.6",
  "serial": 14,
  "lineage": "ab57300d-3419-fe56-d234-9cd4aeaf8146",
  "outputs": {},
  "resources": [
    {
      "mode": "managed",
      "type": "local_file",
      "name": "file",
      "provider": "provider[\"registry.terraform.io/hashicorp/local\"]",
      "instances": [
        {
          "schema_version": 0,
          "attributes": {
            "content": "Bye ... !!",
            "content_base64": null,
            "content_base64sha256": "x3FNIyZSjas5tOmUewf41Uv3ZfUjmfxEFMDQIqDFtHo=",
            "content_base64sha512": "Dy9lFdf2LZWx8FnTQHkZY6PsZ4xS6a4VONJJ+IEemTNlQtLWsJvBxLenM1+ZuuvM/VwYpyReGy+zb4Run18+HQ==",
            "content_md5": "f38194417f769dd4da3e986596dbc989",
            "content_sha1": "6a5ccddcdccf9250f8a8b00426c90b6a8624b9aa",
            "content_sha256": "c7714d2326528dab39b4e9947b07f8d54bf765f52399fc4414c0d022a0c5b47a",
            "content_sha512": "0f2f6515d7f62d95b1f059d340791963a3ec678c52e9ae1538d249f8811e99336542d2d6b09bc1c4b7a7335f99baebccfd5c18a7245e1b2fb36f846e9f5f3e1d",
            "directory_permission": "0777",
            "file_permission": "700",
            "filename": "bye.txt",
            "id": "6a5ccddcdccf9250f8a8b00426c90b6a8624b9aa",
            "sensitive_content": null,
            "source": null
          },
          "sensitive_attributes": [
            [
              {
                "type": "get_attr",
                "value": "sensitive_content"
              }
            ]
          ],
          "identity_schema_version": 0,
          "create_before_destroy": true
        }
      ]
    }
  ],
  "check_results": null
}
