{
  "version": 4,
  "terraform_version": "1.14.6",
  "serial": 14,
  "lineage": "4c147a60-e231-7338-07e9-4361428647c0",
  "outputs": {},
  "resources": [
    {
      "mode": "managed",
      "type": "local_file",
      "name": "password",
      "provider": "provider[\"registry.terraform.io/hashicorp/local\"]",
      "instances": [
        {
          "schema_version": 0,
          "attributes": {
            "content": "mipassword",
            "content_base64": null,
            "content_base64sha256": "vlSoxZnsziPO36ofEl+1svEZNyn3cn4x0JgN5HyuH+Q=",
            "content_base64sha512": "ExiX7uI9ztMDsPO39+iWwC656Q/pRluWYoe5/SNKNG0wJQHxJfZfoEJbrDblnZl4P5Tprh9py/e4mf38Q3wSVg==",
            "content_md5": "1ab5bf2311c3c4909221ac089eaf3564",
            "content_sha1": "c2cd851a3c66015bba94c64f443f510a05ec7365",
            "content_sha256": "be54a8c599ecce23cedfaa1f125fb5b2f1193729f7727e31d0980de47cae1fe4",
            "content_sha512": "131897eee23dced303b0f3b7f7e896c02eb9e90fe9465b966287b9fd234a346d302501f125f65fa0425bac36e59d99783f94e9ae1f69cbf7b899fdfc437c1256",
            "directory_permission": "0600",
            "file_permission": "0400",
            "filename": "password.txt",
            "id": "c2cd851a3c66015bba94c64f443f510a05ec7365",
            "sensitive_content": null,
            "source": null
          },
          "sensitive_attributes": [
            [
              {
                "type": "get_attr",
                "value": "sensitive_content"
              }
            ]
          ],
          "identity_schema_version": 0
        }
      ]
    },
    {
      "mode": "managed",
      "type": "local_file",
      "name": "salvar_pwd",
      "provider": "provider[\"registry.terraform.io/hashicorp/local\"]",
      "instances": [
        {
          "schema_version": 0,
          "attributes": {
            "content": "password: NWNKRKw5k_",
            "content_base64": null,
            "content_base64sha256": "Is+XVRa1FTTZXx6rdgTxSVxUnigWWlP9m8DUASKr0zI=",
            "content_base64sha512": "f8hp2T3RTlB9dWu9X9RbWWR3ueHaecI39NzAwaBem8pSOJA6Mt3IWlAIXySMdXtLmbcrJbSH4wrLOVAKEaifqA==",
            "content_md5": "1fb19c61b38ba335df4adbd395e57142",
            "content_sha1": "221f2f986b49cf3f46a2b8e7b610828edfa8baac",
            "content_sha256": "22cf975516b51534d95f1eab7604f1495c549e28165a53fd9bc0d40122abd332",
            "content_sha512": "7fc869d93dd14e507d756bbd5fd45b596477b9e1da79c237f4dcc0c1a05e9bca5238903a32ddc85a50085f248c757b4b99b72b25b487e30acb39500a11a89fa8",
            "directory_permission": "0777",
            "file_permission": "0777",
            "filename": "./output.txt",
            "id": "221f2f986b49cf3f46a2b8e7b610828edfa8baac",
            "sensitive_content": null,
            "source": null
          },
          "sensitive_attributes": [
            [
              {
                "type": "get_attr",
                "value": "sensitive_content"
              }
            ]
          ],
          "identity_schema_version": 0,
          "dependencies": [
            "random_string.iac_random"
          ]
        }
      ]
    },
    {
      "mode": "managed",
      "type": "random_string",
      "name": "iac_random",
      "provider": "provider[\"registry.terraform.io/hashicorp/random\"]",
      "instances": [
        {
          "schema_version": 2,
          "attributes": {
            "id": "NWNKRKw5k_",
            "keepers": null,
            "length": 10,
            "lower": true,
            "min_lower": 0,
            "min_numeric": 0,
            "min_special": 0,
            "min_upper": 5,
            "number": true,
            "numeric": true,
            "override_special": null,
            "result": "NWNKRKw5k_",
            "special": true,
            "upper": true
          },
          "sensitive_attributes": [],
          "identity_schema_version": 0
        }
      ]
    }
  ],
  "check_results": null
}
