{
  "version": 4,
  "terraform_version": "1.14.6",
  "serial": 4,
  "lineage": "0450dc88-d586-ccd3-c929-20ca5e2aa0f6",
  "outputs": {},
  "resources": [
    {
      "mode": "managed",
      "type": "aws_s3_bucket",
      "name": "remote_state",
      "provider": "provider[\"registry.terraform.io/hashicorp/aws\"]",
      "instances": [
        {
          "schema_version": 0,
          "attributes": {
            "acceleration_status": "",
            "acl": null,
            "arn": "arn:aws:s3:::terralabs-remote-state-1791",
            "bucket": "terralabs-remote-state-1791",
            "bucket_domain_name": "terralabs-remote-state-1791.s3.amazonaws.com",
            "bucket_prefix": "",
            "bucket_regional_domain_name": "terralabs-remote-state-1791.s3.amazonaws.com",
            "cors_rule": [],
            "force_destroy": true,
            "grant": [
              {
                "id": "e70203e1a6c7c4f3daba018f5737d557c6a1a337e53e427aed76129194f93d72",
                "permissions": [
                  "FULL_CONTROL"
                ],
                "type": "CanonicalUser",
                "uri": ""
              }
            ],
            "hosted_zone_id": "Z3AQBSTGFYJSTF",
            "id": "terralabs-remote-state-1791",
            "lifecycle_rule": [],
            "logging": [],
            "object_lock_configuration": [],
            "object_lock_enabled": false,
            "policy": "",
            "region": "us-east-1",
            "replication_configuration": [],
            "request_payer": "BucketOwner",
            "server_side_encryption_configuration": [
              {
                "rule": [
                  {
                    "apply_server_side_encryption_by_default": [
                      {
                        "kms_master_key_id": "",
                        "sse_algorithm": "AES256"
                      }
                    ],
                    "bucket_key_enabled": false
                  }
                ]
              }
            ],
            "tags": {
              "Environment": "dev"
            },
            "tags_all": {
              "Environment": "dev"
            },
            "timeouts": null,
            "versioning": [
              {
                "enabled": false,
                "mfa_delete": false
              }
            ],
            "website": [],
            "website_domain": null,
            "website_endpoint": null
          },
          "sensitive_attributes": [],
          "identity_schema_version": 0,
          "private": "eyJlMmJmYjczMC1lY2FhLTExZTYtOGY4OC0zNDM2M2JjN2M0YzAiOnsiY3JlYXRlIjoxMjAwMDAwMDAwMDAwLCJkZWxldGUiOjM2MDAwMDAwMDAwMDAsInJlYWQiOjEyMDAwMDAwMDAwMDAsInVwZGF0ZSI6MTIwMDAwMDAwMDAwMH19"
        }
      ]
    },
    {
      "mode": "managed",
      "type": "aws_s3_bucket_acl",
      "name": "remote_state",
      "provider": "provider[\"registry.terraform.io/hashicorp/aws\"]",
      "instances": [
        {
          "schema_version": 0,
          "attributes": {
            "access_control_policy": [
              {
                "grant": [
                  {
                    "grantee": [
                      {
                        "display_name": "",
                        "email_address": "",
                        "id": "e70203e1a6c7c4f3daba018f5737d557c6a1a337e53e427aed76129194f93d72",
                        "type": "CanonicalUser",
                        "uri": ""
                      }
                    ],
                    "permission": "FULL_CONTROL"
                  }
                ],
                "owner": [
                  {
                    "display_name": "",
                    "id": "e70203e1a6c7c4f3daba018f5737d557c6a1a337e53e427aed76129194f93d72"
                  }
                ]
              }
            ],
            "acl": "private",
            "bucket": "terralabs-remote-state-1791",
            "expected_bucket_owner": "",
            "id": "terralabs-remote-state-1791,private"
          },
          "sensitive_attributes": [],
          "identity_schema_version": 0,
          "private": "bnVsbA==",
          "dependencies": [
            "aws_s3_bucket.remote_state",
            "aws_s3_bucket_ownership_controls.owner",
            "aws_s3_bucket_public_access_block.access"
          ]
        }
      ]
    },
    {
      "mode": "managed",
      "type": "aws_s3_bucket_ownership_controls",
      "name": "owner",
      "provider": "provider[\"registry.terraform.io/hashicorp/aws\"]",
      "instances": [
        {
          "schema_version": 0,
          "attributes": {
            "bucket": "terralabs-remote-state-1791",
            "id": "terralabs-remote-state-1791",
            "rule": [
              {
                "object_ownership": "BucketOwnerPreferred"
              }
            ]
          },
          "sensitive_attributes": [],
          "identity_schema_version": 0,
          "private": "bnVsbA==",
          "dependencies": [
            "aws_s3_bucket.remote_state"
          ]
        }
      ]
    },
    {
      "mode": "managed",
      "type": "aws_s3_bucket_public_access_block",
      "name": "access",
      "provider": "provider[\"registry.terraform.io/hashicorp/aws\"]",
      "instances": [
        {
          "schema_version": 0,
          "attributes": {
            "block_public_acls": false,
            "block_public_policy": false,
            "bucket": "terralabs-remote-state-1791",
            "id": "terralabs-remote-state-1791",
            "ignore_public_acls": false,
            "restrict_public_buckets": false
          },
          "sensitive_attributes": [],
          "identity_schema_version": 0,
          "private": "bnVsbA==",
          "dependencies": [
            "aws_s3_bucket.remote_state"
          ]
        }
      ]
    },
    {
      "mode": "managed",
      "type": "local_file",
      "name": "state_demo",
      "provider": "provider[\"registry.terraform.io/hashicorp/local\"]",
      "instances": [
        {
          "schema_version": 0,
          "attributes": {
            "content": "Archivo de estado: remote",
            "content_base64": null,
            "content_base64sha256": "ZVC6hJaPVIPp9FJ/LutC5kejbqDAjw5ldqXeCFJxaXQ=",
            "content_base64sha512": "tADGM2CNXKZzW8shfmJQvvu3NQ/1DE4fXIxYHClOW2LEVwciLmdUjBNxRYuwu00GxXWlsbdvL+j3emHUYKNTqg==",
            "content_md5": "61e8e841567e5c8e0b388f521758db53",
            "content_sha1": "c762b28951e80fcf1c44f670001d38aacf05e0af",
            "content_sha256": "6550ba84968f5483e9f4527f2eeb42e647a36ea0c08f0e6576a5de0852716974",
            "content_sha512": "b400c633608d5ca6735bcb217e6250befbb7350ff50c4e1f5c8c581c294e5b62c45707222e67548c1371458bb0bb4d06c575a5b1b76f2fe8f77a61d460a353aa",
            "directory_permission": "0777",
            "file_permission": "0777",
            "filename": "local",
            "id": "c762b28951e80fcf1c44f670001d38aacf05e0af",
            "sensitive_content": null,
            "source": null
          },
          "sensitive_attributes": [
            [
              {
                "type": "get_attr",
                "value": "sensitive_content"
              }
            ]
          ],
          "identity_schema_version": 0
        }
      ]
    }
  ],
  "check_results": null
}
